<?xml version="1.0" encoding="utf-8"?>
<Project ToolsVersion="4.0" xmlns="http://schemas.microsoft.com/developer/msbuild/2003">
  <ItemGroup>
    <Filter Include="Source Files">
      <UniqueIdentifier>{4FC737F1-C7A5-4376-A066-2A32D752A2FF}</UniqueIdentifier>
      <Extensions>cpp;c;cc;cxx;def;odl;idl;hpj;bat;asm;asmx</Extensions>
    </Filter>
    <Filter Include="Source Files\base">
      <UniqueIdentifier>{5137caae-c1d8-4661-8cd7-c9588598ef5e}</UniqueIdentifier>
    </Filter>
    <Filter Include="Source Files\mt">
      <UniqueIdentifier>{a7eea192-dbb7-4097-a122-b5c1cfa19f43}</UniqueIdentifier>
    </Filter>
    <Filter Include="Source Files\getopt">
      <UniqueIdentifier>{6a3ce1b7-4bf9-4ae1-aa4c-e43a6c3fb78a}</UniqueIdentifier>
    </Filter>
    <Filter Include="Source Files\io">
      <UniqueIdentifier>{3f977f1d-eb21-4343-aa14-6565682cdeeb}</UniqueIdentifier>
    </Filter>
    <Filter Include="Source Files\network">
      <UniqueIdentifier>{5118fa51-2e86-4d01-850c-7c9c2e61c59d}</UniqueIdentifier>
    </Filter>
    <Filter Include="Source Files\fs">
      <UniqueIdentifier>{f4d4664d-d52d-4120-83d4-02ef09e0592e}</UniqueIdentifier>
    </Filter>
    <Filter Include="Header Files">
      <UniqueIdentifier>{93995380-89BD-4b04-88EB-625FBE52EBFB}</UniqueIdentifier>
      <Extensions>h;hpp;hxx;hm;inl;inc;xsd</Extensions>
    </Filter>
    <Filter Include="Header Files\base">
      <UniqueIdentifier>{dfc8eb21-3983-4503-941b-aa3ad58b5e79}</UniqueIdentifier>
    </Filter>
    <Filter Include="Header Files\mt">
      <UniqueIdentifier>{046c5f2a-ddef-4597-b860-d02402a61f1e}</UniqueIdentifier>
    </Filter>
    <Filter Include="Header Files\fs">
      <UniqueIdentifier>{00bb47c1-a81d-4e14-9b70-3e1ec36accb5}</UniqueIdentifier>
    </Filter>
    <Filter Include="Resource Files">
      <UniqueIdentifier>{67DA6AB6-F800-4c08-8B7A-83BB121AAD01}</UniqueIdentifier>
      <Extensions>rc;ico;cur;bmp;dlg;rc2;rct;bin;rgs;gif;jpg;jpeg;jpe;resx;tiff;tif;png;wav</Extensions>
    </Filter>
  </ItemGroup>
  <ItemGroup>
    <ClCompile Include="..\..\..\..\..\src\xos\base\argv.cpp">
      <Filter>Source Files\base</Filter>
    </ClCompile>
    <ClCompile Include="..\..\..\..\..\src\xos\base\array.cpp">
      <Filter>Source Files\base</Filter>
    </ClCompile>
    <ClCompile Include="..\..\..\..\..\src\xos\base\attached.cpp">
      <Filter>Source Files\base</Filter>
    </ClCompile>
    <ClCompile Include="..\..\..\..\..\src\xos\base\attacher.cpp">
      <Filter>Source Files\base</Filter>
    </ClCompile>
    <ClCompile Include="..\..\..\..\..\src\xos\base\base.cpp">
      <Filter>Source Files\base</Filter>
    </ClCompile>
    <ClCompile Include="..\..\..\..\..\src\xos\base\created.cpp">
      <Filter>Source Files\base</Filter>
    </ClCompile>
    <ClCompile Include="..\..\..\..\..\src\xos\base\creator.cpp">
      <Filter>Source Files\base</Filter>
    </ClCompile>
    <ClCompile Include="..\..\..\..\..\src\xos\base\main.cpp">
      <Filter>Source Files\base</Filter>
    </ClCompile>
    <ClCompile Include="..\..\..\..\..\src\xos\base\opened.cpp">
      <Filter>Source Files\base</Filter>
    </ClCompile>
    <ClCompile Include="..\..\..\..\..\src\xos\base\opener.cpp">
      <Filter>Source Files\base</Filter>
    </ClCompile>
    <ClCompile Include="..\..\..\..\..\src\xos\base\platform.cpp">
      <Filter>Source Files\base</Filter>
    </ClCompile>
    <ClCompile Include="..\..\..\..\..\src\xos\base\string.cpp">
      <Filter>Source Files\base</Filter>
    </ClCompile>
    <ClCompile Include="..\..\..\..\..\src\xos\base\string_base.cpp">
      <Filter>Source Files\base</Filter>
    </ClCompile>
    <ClCompile Include="..\..\..\..\..\src\xos\base\types.cpp">
      <Filter>Source Files\base</Filter>
    </ClCompile>
    <ClCompile Include="..\..\..\..\..\src\xos\base\wrapped.cpp">
      <Filter>Source Files\base</Filter>
    </ClCompile>
    <ClCompile Include="..\..\..\..\..\src\xos\mt\windows\service\control.cpp">
      <Filter>Source Files\mt</Filter>
    </ClCompile>
    <ClCompile Include="..\..\..\..\..\src\xos\mt\windows\service\handle.cpp">
      <Filter>Source Files\mt</Filter>
    </ClCompile>
    <ClCompile Include="..\..\..\..\..\src\xos\mt\windows\service\manager.cpp">
      <Filter>Source Files\mt</Filter>
    </ClCompile>
    <ClCompile Include="..\..\..\..\..\src\xos\mt\windows\mutex.cpp">
      <Filter>Source Files\mt</Filter>
    </ClCompile>
    <ClCompile Include="..\..\..\..\..\src\xos\mt\windows\semaphore.cpp">
      <Filter>Source Files\mt</Filter>
    </ClCompile>
    <ClCompile Include="..\..\..\..\..\src\thirdparty\gnu\getopt\getopt.c">
      <Filter>Source Files\getopt</Filter>
    </ClCompile>
    <ClCompile Include="..\..\..\..\..\src\thirdparty\gnu\getopt\getopt1.c">
      <Filter>Source Files\getopt</Filter>
    </ClCompile>
    <ClCompile Include="..\..\..\..\..\src\thirdparty\gnu\getopt\getopt_init.c">
      <Filter>Source Files\getopt</Filter>
    </ClCompile>
    <ClCompile Include="..\..\..\..\..\src\xos\io\logger.cpp">
      <Filter>Source Files\io</Filter>
    </ClCompile>
    <ClCompile Include="..\..\..\..\..\src\xos\network\windows\socket.cpp">
      <Filter>Source Files\network</Filter>
    </ClCompile>
    <ClCompile Include="..\..\..\..\..\src\xos\network\windows\sockets.cpp">
      <Filter>Source Files\network</Filter>
    </ClCompile>
    <ClCompile Include="..\..\..\..\..\src\xos\fs\directory\entry.cpp">
      <Filter>Source Files\fs</Filter>
    </ClCompile>
  </ItemGroup>
  <ItemGroup>
    <ClInclude Include="..\..\..\..\..\src\xos\base\argv.hpp">
      <Filter>Header Files\base</Filter>
    </ClInclude>
    <ClInclude Include="..\..\..\..\..\src\xos\base\array.hpp">
      <Filter>Header Files\base</Filter>
    </ClInclude>
    <ClInclude Include="..\..\..\..\..\src\xos\base\attached.hpp">
      <Filter>Header Files\base</Filter>
    </ClInclude>
    <ClInclude Include="..\..\..\..\..\src\xos\base\attacher.hpp">
      <Filter>Header Files\base</Filter>
    </ClInclude>
    <ClInclude Include="..\..\..\..\..\src\xos\base\base.hpp">
      <Filter>Header Files\base</Filter>
    </ClInclude>
    <ClInclude Include="..\..\..\..\..\src\xos\base\created.hpp">
      <Filter>Header Files\base</Filter>
    </ClInclude>
    <ClInclude Include="..\..\..\..\..\src\xos\base\creator.hpp">
      <Filter>Header Files\base</Filter>
    </ClInclude>
    <ClInclude Include="..\..\..\..\..\src\xos\base\main.hpp">
      <Filter>Header Files\base</Filter>
    </ClInclude>
    <ClInclude Include="..\..\..\..\..\src\xos\base\opened.hpp">
      <Filter>Header Files\base</Filter>
    </ClInclude>
    <ClInclude Include="..\..\..\..\..\src\xos\base\opener.hpp">
      <Filter>Header Files\base</Filter>
    </ClInclude>
    <ClInclude Include="..\..\..\..\..\src\xos\base\platform.hpp">
      <Filter>Header Files\base</Filter>
    </ClInclude>
    <ClInclude Include="..\..\..\..\..\src\xos\base\platform_api.hpp">
      <Filter>Header Files\base</Filter>
    </ClInclude>
    <ClInclude Include="..\..\..\..\..\src\xos\base\platform_build.hpp">
      <Filter>Header Files\base</Filter>
    </ClInclude>
    <ClInclude Include="..\..\..\..\..\src\xos\base\platform_compiler.hpp">
      <Filter>Header Files\base</Filter>
    </ClInclude>
    <ClInclude Include="..\..\..\..\..\src\xos\base\platform_defines.hpp">
      <Filter>Header Files\base</Filter>
    </ClInclude>
    <ClInclude Include="..\..\..\..\..\src\xos\base\platform_includes.hpp">
      <Filter>Header Files\base</Filter>
    </ClInclude>
    <ClInclude Include="..\..\..\..\..\src\xos\base\platform_types.hpp">
      <Filter>Header Files\base</Filter>
    </ClInclude>
    <ClInclude Include="..\..\..\..\..\src\xos\base\platform_windows.hpp">
      <Filter>Header Files\base</Filter>
    </ClInclude>
    <ClInclude Include="..\..\..\..\..\src\xos\base\string.hpp">
      <Filter>Header Files\base</Filter>
    </ClInclude>
    <ClInclude Include="..\..\..\..\..\src\xos\base\string_base.hpp">
      <Filter>Header Files\base</Filter>
    </ClInclude>
    <ClInclude Include="..\..\..\..\..\src\xos\base\types.hpp">
      <Filter>Header Files\base</Filter>
    </ClInclude>
    <ClInclude Include="..\..\..\..\..\src\xos\base\wrapped.hpp">
      <Filter>Header Files\base</Filter>
    </ClInclude>
    <ClInclude Include="..\..\..\..\..\src\xos\mt\windows\mutex.hpp">
      <Filter>Header Files\mt</Filter>
    </ClInclude>
    <ClInclude Include="..\..\..\..\..\src\xos\fs\directory\entry.hpp">
      <Filter>Header Files\fs</Filter>
    </ClInclude>
  </ItemGroup>
</Project>