
Microsoft Visual Studio Solution File, Format Version 10.00
# Visual Studio 2008
Project("{2150E333-8FDC-42A3-9474-1A3956D46DE8}") = "Properties", "Properties", "{3A1BB40A-A8EE-4E47-951A-A5DEAA251F6D}"
	ProjectSection(SolutionItems) = preProject
		..\nadir.vsprops = ..\nadir.vsprops
		..\rostra.vsprops = ..\rostra.vsprops
		..\vcproj.vsprops = ..\vcproj.vsprops
		vcversion.vsprops = vcversion.vsprops
	EndProjectSection
EndProject
Project("{2150E333-8FDC-42A3-9474-1A3956D46DE8}") = "app", "app", "{B2840D00-39D3-4FB8-84D6-A0A9A2A356C6}"
EndProject
Project("{2150E333-8FDC-42A3-9474-1A3956D46DE8}") = "lib", "lib", "{13DF17C1-A35C-4A96-856C-FC667B6D25A5}"
EndProject
Project("{2150E333-8FDC-42A3-9474-1A3956D46DE8}") = "console", "console", "{2BB396E7-8917-4441-80F9-FCF18DA59CB9}"
EndProject
Project("{8BC9CEB8-8B4A-11D0-8D11-00A0C91BC942}") = "hello", "hello\hello.vcproj", "{44FE1A9B-5A9D-4C6F-B1E4-F28481CA5AA5}"
	ProjectSection(ProjectDependencies) = postProject
		{D8858847-E181-4053-92A4-38CFFE5B2F46} = {D8858847-E181-4053-92A4-38CFFE5B2F46}
	EndProjectSection
EndProject
Project("{8BC9CEB8-8B4A-11D0-8D11-00A0C91BC942}") = "ls", "ls\ls.vcproj", "{4F4B4F94-27D0-4D8E-A860-E04492C0D9C0}"
	ProjectSection(ProjectDependencies) = postProject
		{D8858847-E181-4053-92A4-38CFFE5B2F46} = {D8858847-E181-4053-92A4-38CFFE5B2F46}
	EndProjectSection
EndProject
Project("{8BC9CEB8-8B4A-11D0-8D11-00A0C91BC942}") = "libxosnadir", "libxosnadir\libxosnadir.vcproj", "{D356E88B-C876-4F1C-8425-80F3849BEEB6}"
EndProject
Project("{8BC9CEB8-8B4A-11D0-8D11-00A0C91BC942}") = "xosnadir", "xosnadir\xosnadir.vcproj", "{18D049BE-46D9-4CB2-9D50-B8928E472053}"
	ProjectSection(ProjectDependencies) = postProject
		{D356E88B-C876-4F1C-8425-80F3849BEEB6} = {D356E88B-C876-4F1C-8425-80F3849BEEB6}
	EndProjectSection
EndProject
Project("{8BC9CEB8-8B4A-11D0-8D11-00A0C91BC942}") = "libnadir", "libnadir\libnadir.vcproj", "{D8858847-E181-4053-92A4-38CFFE5B2F46}"
EndProject
Project("{8BC9CEB8-8B4A-11D0-8D11-00A0C91BC942}") = "xoshello", "xoshello\xoshello.vcproj", "{B5E3A56F-6A1F-405C-B7A0-351D836165E1}"
	ProjectSection(ProjectDependencies) = postProject
		{D356E88B-C876-4F1C-8425-80F3849BEEB6} = {D356E88B-C876-4F1C-8425-80F3849BEEB6}
	EndProjectSection
EndProject
Project("{8BC9CEB8-8B4A-11D0-8D11-00A0C91BC942}") = "nadir", "nadir\nadir.vcproj", "{1163DC39-B075-4C0E-8234-F1B88FCB7F58}"
EndProject
Project("{8BC9CEB8-8B4A-11D0-8D11-00A0C91BC942}") = "xosls", "xosls\xosls.vcproj", "{066BF55A-430A-454E-B004-A86151E739F9}"
EndProject
Global
	GlobalSection(SolutionConfigurationPlatforms) = preSolution
		Debug|Win32 = Debug|Win32
		Debug|x64 = Debug|x64
		Release|Win32 = Release|Win32
		Release|x64 = Release|x64
	EndGlobalSection
	GlobalSection(ProjectConfigurationPlatforms) = postSolution
		{44FE1A9B-5A9D-4C6F-B1E4-F28481CA5AA5}.Debug|Win32.ActiveCfg = Debug|Win32
		{44FE1A9B-5A9D-4C6F-B1E4-F28481CA5AA5}.Debug|Win32.Build.0 = Debug|Win32
		{44FE1A9B-5A9D-4C6F-B1E4-F28481CA5AA5}.Debug|x64.ActiveCfg = Debug|x64
		{44FE1A9B-5A9D-4C6F-B1E4-F28481CA5AA5}.Debug|x64.Build.0 = Debug|x64
		{44FE1A9B-5A9D-4C6F-B1E4-F28481CA5AA5}.Release|Win32.ActiveCfg = Release|Win32
		{44FE1A9B-5A9D-4C6F-B1E4-F28481CA5AA5}.Release|Win32.Build.0 = Release|Win32
		{44FE1A9B-5A9D-4C6F-B1E4-F28481CA5AA5}.Release|x64.ActiveCfg = Release|x64
		{44FE1A9B-5A9D-4C6F-B1E4-F28481CA5AA5}.Release|x64.Build.0 = Release|x64
		{4F4B4F94-27D0-4D8E-A860-E04492C0D9C0}.Debug|Win32.ActiveCfg = Debug|Win32
		{4F4B4F94-27D0-4D8E-A860-E04492C0D9C0}.Debug|Win32.Build.0 = Debug|Win32
		{4F4B4F94-27D0-4D8E-A860-E04492C0D9C0}.Debug|x64.ActiveCfg = Debug|x64
		{4F4B4F94-27D0-4D8E-A860-E04492C0D9C0}.Debug|x64.Build.0 = Debug|x64
		{4F4B4F94-27D0-4D8E-A860-E04492C0D9C0}.Release|Win32.ActiveCfg = Release|Win32
		{4F4B4F94-27D0-4D8E-A860-E04492C0D9C0}.Release|Win32.Build.0 = Release|Win32
		{4F4B4F94-27D0-4D8E-A860-E04492C0D9C0}.Release|x64.ActiveCfg = Release|Win32
		{D356E88B-C876-4F1C-8425-80F3849BEEB6}.Debug|Win32.ActiveCfg = Debug|Win32
		{D356E88B-C876-4F1C-8425-80F3849BEEB6}.Debug|Win32.Build.0 = Debug|Win32
		{D356E88B-C876-4F1C-8425-80F3849BEEB6}.Debug|x64.ActiveCfg = Debug|Win32
		{D356E88B-C876-4F1C-8425-80F3849BEEB6}.Release|Win32.ActiveCfg = Release|Win32
		{D356E88B-C876-4F1C-8425-80F3849BEEB6}.Release|Win32.Build.0 = Release|Win32
		{D356E88B-C876-4F1C-8425-80F3849BEEB6}.Release|x64.ActiveCfg = Release|Win32
		{18D049BE-46D9-4CB2-9D50-B8928E472053}.Debug|Win32.ActiveCfg = Debug|Win32
		{18D049BE-46D9-4CB2-9D50-B8928E472053}.Debug|Win32.Build.0 = Debug|Win32
		{18D049BE-46D9-4CB2-9D50-B8928E472053}.Debug|x64.ActiveCfg = Debug|Win32
		{18D049BE-46D9-4CB2-9D50-B8928E472053}.Release|Win32.ActiveCfg = Release|Win32
		{18D049BE-46D9-4CB2-9D50-B8928E472053}.Release|Win32.Build.0 = Release|Win32
		{18D049BE-46D9-4CB2-9D50-B8928E472053}.Release|x64.ActiveCfg = Release|Win32
		{D8858847-E181-4053-92A4-38CFFE5B2F46}.Debug|Win32.ActiveCfg = Debug|Win32
		{D8858847-E181-4053-92A4-38CFFE5B2F46}.Debug|Win32.Build.0 = Debug|Win32
		{D8858847-E181-4053-92A4-38CFFE5B2F46}.Debug|x64.ActiveCfg = Debug|x64
		{D8858847-E181-4053-92A4-38CFFE5B2F46}.Debug|x64.Build.0 = Debug|x64
		{D8858847-E181-4053-92A4-38CFFE5B2F46}.Release|Win32.ActiveCfg = Release|Win32
		{D8858847-E181-4053-92A4-38CFFE5B2F46}.Release|Win32.Build.0 = Release|Win32
		{D8858847-E181-4053-92A4-38CFFE5B2F46}.Release|x64.ActiveCfg = Release|x64
		{D8858847-E181-4053-92A4-38CFFE5B2F46}.Release|x64.Build.0 = Release|x64
		{B5E3A56F-6A1F-405C-B7A0-351D836165E1}.Debug|Win32.ActiveCfg = Debug|Win32
		{B5E3A56F-6A1F-405C-B7A0-351D836165E1}.Debug|Win32.Build.0 = Debug|Win32
		{B5E3A56F-6A1F-405C-B7A0-351D836165E1}.Debug|x64.ActiveCfg = Debug|Win32
		{B5E3A56F-6A1F-405C-B7A0-351D836165E1}.Release|Win32.ActiveCfg = Release|Win32
		{B5E3A56F-6A1F-405C-B7A0-351D836165E1}.Release|Win32.Build.0 = Release|Win32
		{B5E3A56F-6A1F-405C-B7A0-351D836165E1}.Release|x64.ActiveCfg = Release|Win32
		{1163DC39-B075-4C0E-8234-F1B88FCB7F58}.Debug|Win32.ActiveCfg = Debug|Win32
		{1163DC39-B075-4C0E-8234-F1B88FCB7F58}.Debug|Win32.Build.0 = Debug|Win32
		{1163DC39-B075-4C0E-8234-F1B88FCB7F58}.Debug|x64.ActiveCfg = Debug|Win32
		{1163DC39-B075-4C0E-8234-F1B88FCB7F58}.Release|Win32.ActiveCfg = Release|Win32
		{1163DC39-B075-4C0E-8234-F1B88FCB7F58}.Release|Win32.Build.0 = Release|Win32
		{1163DC39-B075-4C0E-8234-F1B88FCB7F58}.Release|x64.ActiveCfg = Release|Win32
		{066BF55A-430A-454E-B004-A86151E739F9}.Debug|Win32.ActiveCfg = Debug|Win32
		{066BF55A-430A-454E-B004-A86151E739F9}.Debug|Win32.Build.0 = Debug|Win32
		{066BF55A-430A-454E-B004-A86151E739F9}.Debug|x64.ActiveCfg = Debug|Win32
		{066BF55A-430A-454E-B004-A86151E739F9}.Release|Win32.ActiveCfg = Release|Win32
		{066BF55A-430A-454E-B004-A86151E739F9}.Release|Win32.Build.0 = Release|Win32
		{066BF55A-430A-454E-B004-A86151E739F9}.Release|x64.ActiveCfg = Release|Win32
	EndGlobalSection
	GlobalSection(SolutionProperties) = preSolution
		HideSolutionNode = FALSE
	EndGlobalSection
	GlobalSection(NestedProjects) = preSolution
		{2BB396E7-8917-4441-80F9-FCF18DA59CB9} = {B2840D00-39D3-4FB8-84D6-A0A9A2A356C6}
		{D356E88B-C876-4F1C-8425-80F3849BEEB6} = {13DF17C1-A35C-4A96-856C-FC667B6D25A5}
		{D8858847-E181-4053-92A4-38CFFE5B2F46} = {13DF17C1-A35C-4A96-856C-FC667B6D25A5}
		{44FE1A9B-5A9D-4C6F-B1E4-F28481CA5AA5} = {2BB396E7-8917-4441-80F9-FCF18DA59CB9}
		{4F4B4F94-27D0-4D8E-A860-E04492C0D9C0} = {2BB396E7-8917-4441-80F9-FCF18DA59CB9}
		{18D049BE-46D9-4CB2-9D50-B8928E472053} = {2BB396E7-8917-4441-80F9-FCF18DA59CB9}
		{B5E3A56F-6A1F-405C-B7A0-351D836165E1} = {2BB396E7-8917-4441-80F9-FCF18DA59CB9}
		{1163DC39-B075-4C0E-8234-F1B88FCB7F58} = {2BB396E7-8917-4441-80F9-FCF18DA59CB9}
		{066BF55A-430A-454E-B004-A86151E739F9} = {2BB396E7-8917-4441-80F9-FCF18DA59CB9}
	EndGlobalSection
EndGlobal
